// !$*UTF8*$!
{
	archiveVersion = 1;
	classes = {
	};
	objectVersion = 46;
	objects = {

/* Begin PBXBuildFile section */
		D80B0E3813E052DF00FA85CA /* UIKit.framework in Frameworks */ = {isa = PBXBuildFile; fileRef = D80B0E3713E052DF00FA85CA /* UIKit.framework */; };
		D80B0E3A13E052DF00FA85CA /* Foundation.framework in Frameworks */ = {isa = PBXBuildFile; fileRef = D80B0E3913E052DF00FA85CA /* Foundation.framework */; };
		D80B0E3C13E052DF00FA85CA /* CoreGraphics.framework in Frameworks */ = {isa = PBXBuildFile; fileRef = D80B0E3B13E052DF00FA85CA /* CoreGraphics.framework */; };
		D811F8C013EC905B00E3922B /* BadgeElement.m in Sources */ = {isa = PBXBuildFile; fileRef = D811F88513EC905B00E3922B /* BadgeElement.m */; };
		D811F8C113EC905B00E3922B /* BadgeTableCell.m in Sources */ = {isa = PBXBuildFile; fileRef = D811F88713EC905B00E3922B /* BadgeTableCell.m */; };
		D811F8C213EC905B00E3922B /* BooleanElement.m in Sources */ = {isa = PBXBuildFile; fileRef = D811F88913EC905B00E3922B /* BooleanElement.m */; };
		D811F8C313EC905B00E3922B /* ButtonElement.m in Sources */ = {isa = PBXBuildFile; fileRef = D811F88B13EC905B00E3922B /* ButtonElement.m */; };
		D811F8C413EC905B00E3922B /* DateEntryTableViewCell.m in Sources */ = {isa = PBXBuildFile; fileRef = D811F88D13EC905B00E3922B /* DateEntryTableViewCell.m */; };
		D811F8C513EC905B00E3922B /* DateTimeElement.m in Sources */ = {isa = PBXBuildFile; fileRef = D811F88F13EC905B00E3922B /* DateTimeElement.m */; };
		D811F8C613EC905B00E3922B /* DateTimeInlineElement.m in Sources */ = {isa = PBXBuildFile; fileRef = D811F89113EC905B00E3922B /* DateTimeInlineElement.m */; };
		D811F8C713EC905B00E3922B /* Element.m in Sources */ = {isa = PBXBuildFile; fileRef = D811F89313EC905B00E3922B /* Element.m */; };
		D811F8C813EC905B00E3922B /* EntryElement.m in Sources */ = {isa = PBXBuildFile; fileRef = D811F89513EC905B00E3922B /* EntryElement.m */; };
		D811F8C913EC905B00E3922B /* EntryTableViewCell.m in Sources */ = {isa = PBXBuildFile; fileRef = D811F89713EC905B00E3922B /* EntryTableViewCell.m */; };
		D811F8CA13EC905B00E3922B /* FloatElement.m in Sources */ = {isa = PBXBuildFile; fileRef = D811F89913EC905B00E3922B /* FloatElement.m */; };
		D811F8CB13EC905B00E3922B /* LabelElement.m in Sources */ = {isa = PBXBuildFile; fileRef = D811F89B13EC905B00E3922B /* LabelElement.m */; };
		D811F8CC13EC905B00E3922B /* MapElement.m in Sources */ = {isa = PBXBuildFile; fileRef = D811F89D13EC905B00E3922B /* MapElement.m */; };
		D811F8CD13EC905B00E3922B /* MapViewController.m in Sources */ = {isa = PBXBuildFile; fileRef = D811F89F13EC905B00E3922B /* MapViewController.m */; };
		D811F8CE13EC905B00E3922B /* QuickAnnotation.m in Sources */ = {isa = PBXBuildFile; fileRef = D811F8A113EC905B00E3922B /* QuickAnnotation.m */; };
		D811F8CF13EC905B00E3922B /* QuickDialogController.m in Sources */ = {isa = PBXBuildFile; fileRef = D811F8A313EC905B00E3922B /* QuickDialogController.m */; };
		D811F8D013EC905B00E3922B /* QuickDialogController+Loading.m in Sources */ = {isa = PBXBuildFile; fileRef = D811F8A513EC905B00E3922B /* QuickDialogController+Loading.m */; };
		D811F8D113EC905B00E3922B /* QuickDialogDataSource.m in Sources */ = {isa = PBXBuildFile; fileRef = D811F8A713EC905B00E3922B /* QuickDialogDataSource.m */; };
		D811F8D213EC905B00E3922B /* QuickDialogTableDelegate.m in Sources */ = {isa = PBXBuildFile; fileRef = D811F8AA13EC905B00E3922B /* QuickDialogTableDelegate.m */; };
		D811F8D313EC905B00E3922B /* QuickDialogTableView.m in Sources */ = {isa = PBXBuildFile; fileRef = D811F8AC13EC905B00E3922B /* QuickDialogTableView.m */; };
		D811F8D413EC905B00E3922B /* RadioElement.m in Sources */ = {isa = PBXBuildFile; fileRef = D811F8AF13EC905B00E3922B /* RadioElement.m */; };
		D811F8D513EC905B00E3922B /* RadioItemElement.m in Sources */ = {isa = PBXBuildFile; fileRef = D811F8B113EC905B00E3922B /* RadioItemElement.m */; };
		D811F8D613EC905B00E3922B /* RadioSection.m in Sources */ = {isa = PBXBuildFile; fileRef = D811F8B313EC905B00E3922B /* RadioSection.m */; };
		D811F8D713EC905B00E3922B /* RootElement.m in Sources */ = {isa = PBXBuildFile; fileRef = D811F8B513EC905B00E3922B /* RootElement.m */; };
		D811F8D813EC905B00E3922B /* Section.m in Sources */ = {isa = PBXBuildFile; fileRef = D811F8B713EC905B00E3922B /* Section.m */; };
		D811F8D913EC905B00E3922B /* SortingSection.m in Sources */ = {isa = PBXBuildFile; fileRef = D811F8B913EC905B00E3922B /* SortingSection.m */; };
		D811F8DA13EC905B00E3922B /* TextElement.m in Sources */ = {isa = PBXBuildFile; fileRef = D811F8BB13EC905B00E3922B /* TextElement.m */; };
		D811F8DB13EC905B00E3922B /* WebElement.m in Sources */ = {isa = PBXBuildFile; fileRef = D811F8BD13EC905B00E3922B /* WebElement.m */; };
		D811F8DC13EC905B00E3922B /* WebViewController.m in Sources */ = {isa = PBXBuildFile; fileRef = D811F8BF13EC905B00E3922B /* WebViewController.m */; };
		D811F8FB13EC907200E3922B /* AboutController.m in Sources */ = {isa = PBXBuildFile; fileRef = D811F8DE13EC907200E3922B /* AboutController.m */; };
		D811F8FC13EC907200E3922B /* DummyDataBuilder.m in Sources */ = {isa = PBXBuildFile; fileRef = D811F8E013EC907200E3922B /* DummyDataBuilder.m */; };
		D811F8FE13EC907200E3922B /* LoginController.m in Sources */ = {isa = PBXBuildFile; fileRef = D811F8E513EC907200E3922B /* LoginController.m */; };
		D811F8FF13EC907200E3922B /* LoginInfo.m in Sources */ = {isa = PBXBuildFile; fileRef = D811F8E713EC907200E3922B /* LoginInfo.m */; };
		D811F90013EC907200E3922B /* main.m in Sources */ = {isa = PBXBuildFile; fileRef = D811F8E813EC907200E3922B /* main.m */; };
		D811F90213EC907200E3922B /* QuickDialogExampleAppDelegate.m in Sources */ = {isa = PBXBuildFile; fileRef = D811F8EC13EC907200E3922B /* QuickDialogExampleAppDelegate.m */; };
		D811F90313EC907200E3922B /* quickdialogexampleViewController.m in Sources */ = {isa = PBXBuildFile; fileRef = D811F8EE13EC907200E3922B /* quickdialogexampleViewController.m */; };
		D811F90413EC907200E3922B /* footer.png in Resources */ = {isa = PBXBuildFile; fileRef = D811F8F013EC907200E3922B /* footer.png */; };
		D811F90513EC907200E3922B /* footer@2x.png in Resources */ = {isa = PBXBuildFile; fileRef = D811F8F113EC907200E3922B /* footer@2x.png */; };
		D811F90613EC907200E3922B /* imgOff.png in Resources */ = {isa = PBXBuildFile; fileRef = D811F8F213EC907200E3922B /* imgOff.png */; };
		D811F90713EC907200E3922B /* imgOn.png in Resources */ = {isa = PBXBuildFile; fileRef = D811F8F313EC907200E3922B /* imgOn.png */; };
		D811F90813EC907200E3922B /* intel.png in Resources */ = {isa = PBXBuildFile; fileRef = D811F8F413EC907200E3922B /* intel.png */; };
		D811F90913EC907200E3922B /* iPhone.png in Resources */ = {isa = PBXBuildFile; fileRef = D811F8F513EC907200E3922B /* iPhone.png */; };
		D811F90A13EC907200E3922B /* keyboard.png in Resources */ = {isa = PBXBuildFile; fileRef = D811F8F613EC907200E3922B /* keyboard.png */; };
		D811F90B13EC907200E3922B /* logo.png in Resources */ = {isa = PBXBuildFile; fileRef = D811F8F713EC907200E3922B /* logo.png */; };
		D811F90C13EC907200E3922B /* logo@2x.png in Resources */ = {isa = PBXBuildFile; fileRef = D811F8F813EC907200E3922B /* logo@2x.png */; };
		D86035C413E0538600CB1785 /* CoreLocation.framework in Frameworks */ = {isa = PBXBuildFile; fileRef = D86035C313E0538600CB1785 /* CoreLocation.framework */; };
		D86035C613E0539A00CB1785 /* MapKit.framework in Frameworks */ = {isa = PBXBuildFile; fileRef = D86035C513E0539A00CB1785 /* MapKit.framework */; };
		D8F180E713F0599A009B0C96 /* quickdialog.png in Resources */ = {isa = PBXBuildFile; fileRef = D8F180E513F0599A009B0C96 /* quickdialog.png */; };
		D8F180E813F0599A009B0C96 /* quickdialog@2x.png in Resources */ = {isa = PBXBuildFile; fileRef = D8F180E613F0599A009B0C96 /* quickdialog@2x.png */; };
		D8F180E813F0599A009B0C98 /* DecimalElement.m in Sources */ = {isa = PBXBuildFile; fileRef = D8F180E813F0599A009B0C97 /* DecimalElement.m */; };
		D8F180E813F0599A009B0C9B /* DecimalTableViewCell.m in Sources */ = {isa = PBXBuildFile; fileRef = D8F180E813F0599A009B0C9A /* DecimalTableViewCell.m */; };
/* End PBXBuildFile section */

/* Begin PBXFileReference section */
		D80B0E3313E052DF00FA85CA /* QuickDialog.app */ = {isa = PBXFileReference; explicitFileType = wrapper.application; includeInIndex = 0; path = QuickDialog.app; sourceTree = BUILT_PRODUCTS_DIR; };
		D80B0E3713E052DF00FA85CA /* UIKit.framework */ = {isa = PBXFileReference; lastKnownFileType = wrapper.framework; name = UIKit.framework; path = System/Library/Frameworks/UIKit.framework; sourceTree = SDKROOT; };
		D80B0E3913E052DF00FA85CA /* Foundation.framework */ = {isa = PBXFileReference; lastKnownFileType = wrapper.framework; name = Foundation.framework; path = System/Library/Frameworks/Foundation.framework; sourceTree = SDKROOT; };
		D80B0E3B13E052DF00FA85CA /* CoreGraphics.framework */ = {isa = PBXFileReference; lastKnownFileType = wrapper.framework; name = CoreGraphics.framework; path = System/Library/Frameworks/CoreGraphics.framework; sourceTree = SDKROOT; };
		D811F88413EC905B00E3922B /* BadgeElement.h */ = {isa = PBXFileReference; fileEncoding = 4; lastKnownFileType = sourcecode.c.h; name = BadgeElement.h; path = quickdialog/BadgeElement.h; sourceTree = SOURCE_ROOT; };
		D811F88513EC905B00E3922B /* BadgeElement.m */ = {isa = PBXFileReference; fileEncoding = 4; lastKnownFileType = sourcecode.c.objc; name = BadgeElement.m; path = quickdialog/BadgeElement.m; sourceTree = SOURCE_ROOT; };
		D811F88613EC905B00E3922B /* BadgeTableCell.h */ = {isa = PBXFileReference; fileEncoding = 4; lastKnownFileType = sourcecode.c.h; name = BadgeTableCell.h; path = quickdialog/BadgeTableCell.h; sourceTree = SOURCE_ROOT; };
		D811F88713EC905B00E3922B /* BadgeTableCell.m */ = {isa = PBXFileReference; fileEncoding = 4; lastKnownFileType = sourcecode.c.objc; name = BadgeTableCell.m; path = quickdialog/BadgeTableCell.m; sourceTree = SOURCE_ROOT; };
		D811F88813EC905B00E3922B /* BooleanElement.h */ = {isa = PBXFileReference; fileEncoding = 4; lastKnownFileType = sourcecode.c.h; name = BooleanElement.h; path = quickdialog/BooleanElement.h; sourceTree = SOURCE_ROOT; };
		D811F88913EC905B00E3922B /* BooleanElement.m */ = {isa = PBXFileReference; fileEncoding = 4; lastKnownFileType = sourcecode.c.objc; name = BooleanElement.m; path = quickdialog/BooleanElement.m; sourceTree = SOURCE_ROOT; };
		D811F88A13EC905B00E3922B /* ButtonElement.h */ = {isa = PBXFileReference; fileEncoding = 4; lastKnownFileType = sourcecode.c.h; name = ButtonElement.h; path = quickdialog/ButtonElement.h; sourceTree = SOURCE_ROOT; };
		D811F88B13EC905B00E3922B /* ButtonElement.m */ = {isa = PBXFileReference; fileEncoding = 4; lastKnownFileType = sourcecode.c.objc; name = ButtonElement.m; path = quickdialog/ButtonElement.m; sourceTree = SOURCE_ROOT; };
		D811F88C13EC905B00E3922B /* DateEntryTableViewCell.h */ = {isa = PBXFileReference; fileEncoding = 4; lastKnownFileType = sourcecode.c.h; name = DateEntryTableViewCell.h; path = quickdialog/DateEntryTableViewCell.h; sourceTree = SOURCE_ROOT; };
		D811F88D13EC905B00E3922B /* DateEntryTableViewCell.m */ = {isa = PBXFileReference; fileEncoding = 4; lastKnownFileType = sourcecode.c.objc; name = DateEntryTableViewCell.m; path = quickdialog/DateEntryTableViewCell.m; sourceTree = SOURCE_ROOT; };
		D811F88E13EC905B00E3922B /* DateTimeElement.h */ = {isa = PBXFileReference; fileEncoding = 4; lastKnownFileType = sourcecode.c.h; name = DateTimeElement.h; path = quickdialog/DateTimeElement.h; sourceTree = SOURCE_ROOT; };
		D811F88F13EC905B00E3922B /* DateTimeElement.m */ = {isa = PBXFileReference; fileEncoding = 4; lastKnownFileType = sourcecode.c.objc; name = DateTimeElement.m; path = quickdialog/DateTimeElement.m; sourceTree = SOURCE_ROOT; };
		D811F89013EC905B00E3922B /* DateTimeInlineElement.h */ = {isa = PBXFileReference; fileEncoding = 4; lastKnownFileType = sourcecode.c.h; name = DateTimeInlineElement.h; path = quickdialog/DateTimeInlineElement.h; sourceTree = SOURCE_ROOT; };
		D811F89113EC905B00E3922B /* DateTimeInlineElement.m */ = {isa = PBXFileReference; fileEncoding = 4; lastKnownFileType = sourcecode.c.objc; name = DateTimeInlineElement.m; path = quickdialog/DateTimeInlineElement.m; sourceTree = SOURCE_ROOT; };
		D811F89213EC905B00E3922B /* Element.h */ = {isa = PBXFileReference; fileEncoding = 4; lastKnownFileType = sourcecode.c.h; name = Element.h; path = quickdialog/Element.h; sourceTree = SOURCE_ROOT; };
		D811F89313EC905B00E3922B /* Element.m */ = {isa = PBXFileReference; fileEncoding = 4; lastKnownFileType = sourcecode.c.objc; name = Element.m; path = quickdialog/Element.m; sourceTree = SOURCE_ROOT; };
		D811F89413EC905B00E3922B /* EntryElement.h */ = {isa = PBXFileReference; fileEncoding = 4; lastKnownFileType = sourcecode.c.h; name = EntryElement.h; path = quickdialog/EntryElement.h; sourceTree = SOURCE_ROOT; };
		D811F89513EC905B00E3922B /* EntryElement.m */ = {isa = PBXFileReference; fileEncoding = 4; lastKnownFileType = sourcecode.c.objc; name = EntryElement.m; path = quickdialog/EntryElement.m; sourceTree = SOURCE_ROOT; };
		D811F89613EC905B00E3922B /* EntryTableViewCell.h */ = {isa = PBXFileReference; fileEncoding = 4; lastKnownFileType = sourcecode.c.h; name = EntryTableViewCell.h; path = quickdialog/EntryTableViewCell.h; sourceTree = SOURCE_ROOT; };
		D811F89713EC905B00E3922B /* EntryTableViewCell.m */ = {isa = PBXFileReference; fileEncoding = 4; lastKnownFileType = sourcecode.c.objc; name = EntryTableViewCell.m; path = quickdialog/EntryTableViewCell.m; sourceTree = SOURCE_ROOT; };
		D811F89813EC905B00E3922B /* FloatElement.h */ = {isa = PBXFileReference; fileEncoding = 4; lastKnownFileType = sourcecode.c.h; name = FloatElement.h; path = quickdialog/FloatElement.h; sourceTree = SOURCE_ROOT; };
		D811F89913EC905B00E3922B /* FloatElement.m */ = {isa = PBXFileReference; fileEncoding = 4; lastKnownFileType = sourcecode.c.objc; name = FloatElement.m; path = quickdialog/FloatElement.m; sourceTree = SOURCE_ROOT; };
		D811F89A13EC905B00E3922B /* LabelElement.h */ = {isa = PBXFileReference; fileEncoding = 4; lastKnownFileType = sourcecode.c.h; name = LabelElement.h; path = quickdialog/LabelElement.h; sourceTree = SOURCE_ROOT; };
		D811F89B13EC905B00E3922B /* LabelElement.m */ = {isa = PBXFileReference; fileEncoding = 4; lastKnownFileType = sourcecode.c.objc; name = LabelElement.m; path = quickdialog/LabelElement.m; sourceTree = SOURCE_ROOT; };
		D811F89C13EC905B00E3922B /* MapElement.h */ = {isa = PBXFileReference; fileEncoding = 4; lastKnownFileType = sourcecode.c.h; name = MapElement.h; path = quickdialog/MapElement.h; sourceTree = SOURCE_ROOT; };
		D811F89D13EC905B00E3922B /* MapElement.m */ = {isa = PBXFileReference; fileEncoding = 4; lastKnownFileType = sourcecode.c.objc; name = MapElement.m; path = quickdialog/MapElement.m; sourceTree = SOURCE_ROOT; };
		D811F89E13EC905B00E3922B /* MapViewController.h */ = {isa = PBXFileReference; fileEncoding = 4; lastKnownFileType = sourcecode.c.h; name = MapViewController.h; path = quickdialog/MapViewController.h; sourceTree = SOURCE_ROOT; };
		D811F89F13EC905B00E3922B /* MapViewController.m */ = {isa = PBXFileReference; fileEncoding = 4; lastKnownFileType = sourcecode.c.objc; name = MapViewController.m; path = quickdialog/MapViewController.m; sourceTree = SOURCE_ROOT; };
		D811F8A013EC905B00E3922B /* QuickAnnotation.h */ = {isa = PBXFileReference; fileEncoding = 4; lastKnownFileType = sourcecode.c.h; name = QuickAnnotation.h; path = quickdialog/QuickAnnotation.h; sourceTree = SOURCE_ROOT; };
		D811F8A113EC905B00E3922B /* QuickAnnotation.m */ = {isa = PBXFileReference; fileEncoding = 4; lastKnownFileType = sourcecode.c.objc; name = QuickAnnotation.m; path = quickdialog/QuickAnnotation.m; sourceTree = SOURCE_ROOT; };
		D811F8A213EC905B00E3922B /* QuickDialogController.h */ = {isa = PBXFileReference; fileEncoding = 4; lastKnownFileType = sourcecode.c.h; name = QuickDialogController.h; path = quickdialog/QuickDialogController.h; sourceTree = SOURCE_ROOT; };
		D811F8A313EC905B00E3922B /* QuickDialogController.m */ = {isa = PBXFileReference; fileEncoding = 4; lastKnownFileType = sourcecode.c.objc; name = QuickDialogController.m; path = quickdialog/QuickDialogController.m; sourceTree = SOURCE_ROOT; };
		D811F8A413EC905B00E3922B /* QuickDialogController+Loading.h */ = {isa = PBXFileReference; fileEncoding = 4; lastKnownFileType = sourcecode.c.h; name = "QuickDialogController+Loading.h"; path = "quickdialog/QuickDialogController+Loading.h"; sourceTree = SOURCE_ROOT; };
		D811F8A513EC905B00E3922B /* QuickDialogController+Loading.m */ = {isa = PBXFileReference; fileEncoding = 4; lastKnownFileType = sourcecode.c.objc; name = "QuickDialogController+Loading.m"; path = "quickdialog/QuickDialogController+Loading.m"; sourceTree = SOURCE_ROOT; };
		D811F8A613EC905B00E3922B /* QuickDialogDataSource.h */ = {isa = PBXFileReference; fileEncoding = 4; lastKnownFileType = sourcecode.c.h; name = QuickDialogDataSource.h; path = quickdialog/QuickDialogDataSource.h; sourceTree = SOURCE_ROOT; };
		D811F8A713EC905B00E3922B /* QuickDialogDataSource.m */ = {isa = PBXFileReference; fileEncoding = 4; lastKnownFileType = sourcecode.c.objc; name = QuickDialogDataSource.m; path = quickdialog/QuickDialogDataSource.m; sourceTree = SOURCE_ROOT; };
		D811F8A813EC905B00E3922B /* QuickDialogStyleProvider.h */ = {isa = PBXFileReference; fileEncoding = 4; lastKnownFileType = sourcecode.c.h; name = QuickDialogStyleProvider.h; path = quickdialog/QuickDialogStyleProvider.h; sourceTree = SOURCE_ROOT; };
		D811F8A913EC905B00E3922B /* QuickDialogTableDelegate.h */ = {isa = PBXFileReference; fileEncoding = 4; lastKnownFileType = sourcecode.c.h; name = QuickDialogTableDelegate.h; path = quickdialog/QuickDialogTableDelegate.h; sourceTree = SOURCE_ROOT; };
		D811F8AA13EC905B00E3922B /* QuickDialogTableDelegate.m */ = {isa = PBXFileReference; fileEncoding = 4; lastKnownFileType = sourcecode.c.objc; name = QuickDialogTableDelegate.m; path = quickdialog/QuickDialogTableDelegate.m; sourceTree = SOURCE_ROOT; };
		D811F8AB13EC905B00E3922B /* QuickDialogTableView.h */ = {isa = PBXFileReference; fileEncoding = 4; lastKnownFileType = sourcecode.c.h; name = QuickDialogTableView.h; path = quickdialog/QuickDialogTableView.h; sourceTree = SOURCE_ROOT; };
		D811F8AC13EC905B00E3922B /* QuickDialogTableView.m */ = {isa = PBXFileReference; fileEncoding = 4; lastKnownFileType = sourcecode.c.objc; name = QuickDialogTableView.m; path = quickdialog/QuickDialogTableView.m; sourceTree = SOURCE_ROOT; };
		D811F8AD13EC905B00E3922B /* quickform-Prefix.pch */ = {isa = PBXFileReference; fileEncoding = 4; lastKnownFileType = sourcecode.c.h; name = "quickform-Prefix.pch"; path = "quickdialog/quickform-Prefix.pch"; sourceTree = SOURCE_ROOT; };
		D811F8AE13EC905B00E3922B /* RadioElement.h */ = {isa = PBXFileReference; fileEncoding = 4; lastKnownFileType = sourcecode.c.h; name = RadioElement.h; path = quickdialog/RadioElement.h; sourceTree = SOURCE_ROOT; };
		D811F8AF13EC905B00E3922B /* RadioElement.m */ = {isa = PBXFileReference; fileEncoding = 4; lastKnownFileType = sourcecode.c.objc; name = RadioElement.m; path = quickdialog/RadioElement.m; sourceTree = SOURCE_ROOT; };
		D811F8B013EC905B00E3922B /* RadioItemElement.h */ = {isa = PBXFileReference; fileEncoding = 4; lastKnownFileType = sourcecode.c.h; name = RadioItemElement.h; path = quickdialog/RadioItemElement.h; sourceTree = SOURCE_ROOT; };
		D811F8B113EC905B00E3922B /* RadioItemElement.m */ = {isa = PBXFileReference; fileEncoding = 4; lastKnownFileType = sourcecode.c.objc; name = RadioItemElement.m; path = quickdialog/RadioItemElement.m; sourceTree = SOURCE_ROOT; };
		D811F8B213EC905B00E3922B /* RadioSection.h */ = {isa = PBXFileReference; fileEncoding = 4; lastKnownFileType = sourcecode.c.h; name = RadioSection.h; path = quickdialog/RadioSection.h; sourceTree = SOURCE_ROOT; };
		D811F8B313EC905B00E3922B /* RadioSection.m */ = {isa = PBXFileReference; fileEncoding = 4; lastKnownFileType = sourcecode.c.objc; name = RadioSection.m; path = quickdialog/RadioSection.m; sourceTree = SOURCE_ROOT; };
		D811F8B413EC905B00E3922B /* RootElement.h */ = {isa = PBXFileReference; fileEncoding = 4; lastKnownFileType = sourcecode.c.h; name = RootElement.h; path = quickdialog/RootElement.h; sourceTree = SOURCE_ROOT; };
		D811F8B513EC905B00E3922B /* RootElement.m */ = {isa = PBXFileReference; fileEncoding = 4; lastKnownFileType = sourcecode.c.objc; name = RootElement.m; path = quickdialog/RootElement.m; sourceTree = SOURCE_ROOT; };
		D811F8B613EC905B00E3922B /* Section.h */ = {isa = PBXFileReference; fileEncoding = 4; lastKnownFileType = sourcecode.c.h; name = Section.h; path = quickdialog/Section.h; sourceTree = SOURCE_ROOT; };
		D811F8B713EC905B00E3922B /* Section.m */ = {isa = PBXFileReference; fileEncoding = 4; lastKnownFileType = sourcecode.c.objc; name = Section.m; path = quickdialog/Section.m; sourceTree = SOURCE_ROOT; };
		D811F8B813EC905B00E3922B /* SortingSection.h */ = {isa = PBXFileReference; fileEncoding = 4; lastKnownFileType = sourcecode.c.h; name = SortingSection.h; path = quickdialog/SortingSection.h; sourceTree = SOURCE_ROOT; };
		D811F8B913EC905B00E3922B /* SortingSection.m */ = {isa = PBXFileReference; fileEncoding = 4; lastKnownFileType = sourcecode.c.objc; name = SortingSection.m; path = quickdialog/SortingSection.m; sourceTree = SOURCE_ROOT; };
		D811F8BA13EC905B00E3922B /* TextElement.h */ = {isa = PBXFileReference; fileEncoding = 4; lastKnownFileType = sourcecode.c.h; name = TextElement.h; path = quickdialog/TextElement.h; sourceTree = SOURCE_ROOT; };
		D811F8BB13EC905B00E3922B /* TextElement.m */ = {isa = PBXFileReference; fileEncoding = 4; lastKnownFileType = sourcecode.c.objc; name = TextElement.m; path = quickdialog/TextElement.m; sourceTree = SOURCE_ROOT; };
		D811F8BC13EC905B00E3922B /* WebElement.h */ = {isa = PBXFileReference; fileEncoding = 4; lastKnownFileType = sourcecode.c.h; name = WebElement.h; path = quickdialog/WebElement.h; sourceTree = SOURCE_ROOT; };
		D811F8BD13EC905B00E3922B /* WebElement.m */ = {isa = PBXFileReference; fileEncoding = 4; lastKnownFileType = sourcecode.c.objc; name = WebElement.m; path = quickdialog/WebElement.m; sourceTree = SOURCE_ROOT; };
		D811F8BE13EC905B00E3922B /* WebViewController.h */ = {isa = PBXFileReference; fileEncoding = 4; lastKnownFileType = sourcecode.c.h; name = WebViewController.h; path = quickdialog/WebViewController.h; sourceTree = SOURCE_ROOT; };
		D811F8BF13EC905B00E3922B /* WebViewController.m */ = {isa = PBXFileReference; fileEncoding = 4; lastKnownFileType = sourcecode.c.objc; name = WebViewController.m; path = quickdialog/WebViewController.m; sourceTree = SOURCE_ROOT; };
		D811F8DD13EC907200E3922B /* AboutController.h */ = {isa = PBXFileReference; fileEncoding = 4; lastKnownFileType = sourcecode.c.h; name = AboutController.h; path = sample/AboutController.h; sourceTree = SOURCE_ROOT; };
		D811F8DE13EC907200E3922B /* AboutController.m */ = {isa = PBXFileReference; fileEncoding = 4; lastKnownFileType = sourcecode.c.objc; name = AboutController.m; path = sample/AboutController.m; sourceTree = SOURCE_ROOT; };
		D811F8DF13EC907200E3922B /* DummyDataBuilder.h */ = {isa = PBXFileReference; fileEncoding = 4; lastKnownFileType = sourcecode.c.h; name = DummyDataBuilder.h; path = sample/DummyDataBuilder.h; sourceTree = SOURCE_ROOT; };
		D811F8E013EC907200E3922B /* DummyDataBuilder.m */ = {isa = PBXFileReference; fileEncoding = 4; lastKnownFileType = sourcecode.c.objc; name = DummyDataBuilder.m; path = sample/DummyDataBuilder.m; sourceTree = SOURCE_ROOT; };
		D811F8E313EC907200E3922B /* en */ = {isa = PBXFileReference; lastKnownFileType = text.plist.strings; name = en; path = InfoPlist.strings; sourceTree = "<group>"; };
		D811F8E413EC907200E3922B /* LoginController.h */ = {isa = PBXFileReference; fileEncoding = 4; lastKnownFileType = sourcecode.c.h; name = LoginController.h; path = sample/LoginController.h; sourceTree = SOURCE_ROOT; };
		D811F8E513EC907200E3922B /* LoginController.m */ = {isa = PBXFileReference; fileEncoding = 4; lastKnownFileType = sourcecode.c.objc; name = LoginController.m; path = sample/LoginController.m; sourceTree = SOURCE_ROOT; };
		D811F8E613EC907200E3922B /* LoginInfo.h */ = {isa = PBXFileReference; fileEncoding = 4; lastKnownFileType = sourcecode.c.h; name = LoginInfo.h; path = sample/LoginInfo.h; sourceTree = SOURCE_ROOT; };
		D811F8E713EC907200E3922B /* LoginInfo.m */ = {isa = PBXFileReference; fileEncoding = 4; lastKnownFileType = sourcecode.c.objc; name = LoginInfo.m; path = sample/LoginInfo.m; sourceTree = SOURCE_ROOT; };
		D811F8E813EC907200E3922B /* main.m */ = {isa = PBXFileReference; fileEncoding = 4; lastKnownFileType = sourcecode.c.objc; name = main.m; path = sample/main.m; sourceTree = SOURCE_ROOT; };
		D811F8E913EC907200E3922B /* quickdialogexample-Info.plist */ = {isa = PBXFileReference; fileEncoding = 4; lastKnownFileType = text.plist.xml; name = "quickdialogexample-Info.plist"; path = "sample/quickdialogexample-Info.plist"; sourceTree = SOURCE_ROOT; };
		D811F8EA13EC907200E3922B /* quickdialogexample-Prefix.pch */ = {isa = PBXFileReference; fileEncoding = 4; lastKnownFileType = sourcecode.c.h; name = "quickdialogexample-Prefix.pch"; path = "sample/quickdialogexample-Prefix.pch"; sourceTree = SOURCE_ROOT; };
		D811F8EB13EC907200E3922B /* QuickDialogExampleAppDelegate.h */ = {isa = PBXFileReference; fileEncoding = 4; lastKnownFileType = sourcecode.c.h; name = QuickDialogExampleAppDelegate.h; path = sample/QuickDialogExampleAppDelegate.h; sourceTree = SOURCE_ROOT; };
		D811F8EC13EC907200E3922B /* QuickDialogExampleAppDelegate.m */ = {isa = PBXFileReference; fileEncoding = 4; lastKnownFileType = sourcecode.c.objc; name = QuickDialogExampleAppDelegate.m; path = sample/QuickDialogExampleAppDelegate.m; sourceTree = SOURCE_ROOT; };
		D811F8ED13EC907200E3922B /* QuickDialogExampleViewController.h */ = {isa = PBXFileReference; fileEncoding = 4; lastKnownFileType = sourcecode.c.h; name = QuickDialogExampleViewController.h; path = sample/QuickDialogExampleViewController.h; sourceTree = SOURCE_ROOT; };
		D811F8EE13EC907200E3922B /* quickdialogexampleViewController.m */ = {isa = PBXFileReference; fileEncoding = 4; lastKnownFileType = sourcecode.c.objc; name = quickdialogexampleViewController.m; path = sample/quickdialogexampleViewController.m; sourceTree = SOURCE_ROOT; };
		D811F8F013EC907200E3922B /* footer.png */ = {isa = PBXFileReference; lastKnownFileType = image.png; path = footer.png; sourceTree = "<group>"; };
		D811F8F113EC907200E3922B /* footer@2x.png */ = {isa = PBXFileReference; lastKnownFileType = image.png; path = "footer@2x.png"; sourceTree = "<group>"; };
		D811F8F213EC907200E3922B /* imgOff.png */ = {isa = PBXFileReference; lastKnownFileType = image.png; path = imgOff.png; sourceTree = "<group>"; };
		D811F8F313EC907200E3922B /* imgOn.png */ = {isa = PBXFileReference; lastKnownFileType = image.png; path = imgOn.png; sourceTree = "<group>"; };
		D811F8F413EC907200E3922B /* intel.png */ = {isa = PBXFileReference; lastKnownFileType = image.png; path = intel.png; sourceTree = "<group>"; };
		D811F8F513EC907200E3922B /* iPhone.png */ = {isa = PBXFileReference; lastKnownFileType = image.png; path = iPhone.png; sourceTree = "<group>"; };
		D811F8F613EC907200E3922B /* keyboard.png */ = {isa = PBXFileReference; lastKnownFileType = image.png; path = keyboard.png; sourceTree = "<group>"; };
		D811F8F713EC907200E3922B /* logo.png */ = {isa = PBXFileReference; lastKnownFileType = image.png; path = logo.png; sourceTree = "<group>"; };
		D811F8F813EC907200E3922B /* logo@2x.png */ = {isa = PBXFileReference; lastKnownFileType = image.png; path = "logo@2x.png"; sourceTree = "<group>"; };
		D86035C313E0538600CB1785 /* CoreLocation.framework */ = {isa = PBXFileReference; lastKnownFileType = wrapper.framework; name = CoreLocation.framework; path = System/Library/Frameworks/CoreLocation.framework; sourceTree = SDKROOT; };
		D86035C513E0539A00CB1785 /* MapKit.framework */ = {isa = PBXFileReference; lastKnownFileType = wrapper.framework; name = MapKit.framework; path = System/Library/Frameworks/MapKit.framework; sourceTree = SDKROOT; };
		D8F180E513F0599A009B0C96 /* quickdialog.png */ = {isa = PBXFileReference; lastKnownFileType = image.png; path = quickdialog.png; sourceTree = "<group>"; };
		D8F180E613F0599A009B0C96 /* quickdialog@2x.png */ = {isa = PBXFileReference; lastKnownFileType = image.png; path = "quickdialog@2x.png"; sourceTree = "<group>"; };
		D8F180E813F0599A009B0C97 /* DecimalElement.m */ = {isa = PBXFileReference; lastKnownFileType = sourcecode.c.objc; name = DecimalElement.m; path = quickdialog/DecimalElement.m; sourceTree = SOURCE_ROOT; };
		D8F180E813F0599A009B0C99 /* DecimalElement.h */ = {isa = PBXFileReference; lastKnownFileType = sourcecode.c.h; name = DecimalElement.h; path = quickdialog/DecimalElement.h; sourceTree = SOURCE_ROOT; };
		D8F180E813F0599A009B0C9A /* DecimalTableViewCell.m */ = {isa = PBXFileReference; lastKnownFileType = sourcecode.c.objc; name = DecimalTableViewCell.m; path = quickdialog/DecimalTableViewCell.m; sourceTree = SOURCE_ROOT; };
		D8F180E813F0599A009B0C9C /* DecimalTableViewCell.h */ = {isa = PBXFileReference; lastKnownFileType = sourcecode.c.h; name = DecimalTableViewCell.h; path = quickdialog/DecimalTableViewCell.h; sourceTree = SOURCE_ROOT; };
/* End PBXFileReference section */

/* Begin PBXFrameworksBuildPhase section */
		D80B0E3013E052DF00FA85CA /* Frameworks */ = {
			isa = PBXFrameworksBuildPhase;
			buildActionMask = 2147483647;
			files = (
				D86035C613E0539A00CB1785 /* MapKit.framework in Frameworks */,
				D86035C413E0538600CB1785 /* CoreLocation.framework in Frameworks */,
				D80B0E3813E052DF00FA85CA /* UIKit.framework in Frameworks */,
				D80B0E3A13E052DF00FA85CA /* Foundation.framework in Frameworks */,
				D80B0E3C13E052DF00FA85CA /* CoreGraphics.framework in Frameworks */,
			);
			runOnlyForDeploymentPostprocessing = 0;
		};
/* End PBXFrameworksBuildPhase section */

/* Begin PBXGroup section */
		D80B0E2813E052DF00FA85CA = {
			isa = PBXGroup;
			children = (
				D860356713E0534000CB1785 /* quickdialog */,
				D80B0E3D13E052DF00FA85CA /* sample */,
				D80B0E3613E052DF00FA85CA /* Frameworks */,
				D80B0E3413E052DF00FA85CA /* Products */,
			);
			sourceTree = "<group>";
		};
		D80B0E3413E052DF00FA85CA /* Products */ = {
			isa = PBXGroup;
			children = (
				D80B0E3313E052DF00FA85CA /* QuickDialog.app */,
			);
			name = Products;
			sourceTree = "<group>";
		};
		D80B0E3613E052DF00FA85CA /* Frameworks */ = {
			isa = PBXGroup;
			children = (
				D86035C513E0539A00CB1785 /* MapKit.framework */,
				D86035C313E0538600CB1785 /* CoreLocation.framework */,
				D80B0E3713E052DF00FA85CA /* UIKit.framework */,
				D80B0E3913E052DF00FA85CA /* Foundation.framework */,
				D80B0E3B13E052DF00FA85CA /* CoreGraphics.framework */,
			);
			name = Frameworks;
			sourceTree = "<group>";
		};
		D80B0E3D13E052DF00FA85CA /* sample */ = {
			isa = PBXGroup;
			children = (
				D811F8DD13EC907200E3922B /* AboutController.h */,
				D811F8DE13EC907200E3922B /* AboutController.m */,
				D811F8DF13EC907200E3922B /* DummyDataBuilder.h */,
				D811F8E013EC907200E3922B /* DummyDataBuilder.m */,
				D811F8E113EC907200E3922B /* en.lproj */,
				D811F8E413EC907200E3922B /* LoginController.h */,
				D811F8E513EC907200E3922B /* LoginController.m */,
				D811F8E613EC907200E3922B /* LoginInfo.h */,
				D811F8E713EC907200E3922B /* LoginInfo.m */,
				D811F8EB13EC907200E3922B /* QuickDialogExampleAppDelegate.h */,
				D811F8EC13EC907200E3922B /* QuickDialogExampleAppDelegate.m */,
				D811F8ED13EC907200E3922B /* QuickDialogExampleViewController.h */,
				D811F8EE13EC907200E3922B /* quickdialogexampleViewController.m */,
				D811F8EF13EC907200E3922B /* Resources */,
				D80B0E3E13E052DF00FA85CA /* Supporting Files */,
				D8F180E813F0599A009B0C9D /* sample */,
			);
			name = sample;
			path = quickformexample;
			sourceTree = "<group>";
		};
		D80B0E3E13E052DF00FA85CA /* Supporting Files */ = {
			isa = PBXGroup;
			children = (
				D811F8E813EC907200E3922B /* main.m */,
				D811F8E913EC907200E3922B /* quickdialogexample-Info.plist */,
				D811F8EA13EC907200E3922B /* quickdialogexample-Prefix.pch */,
			);
			name = "Supporting Files";
			sourceTree = "<group>";
		};
		D811F8E113EC907200E3922B /* en.lproj */ = {
			isa = PBXGroup;
			children = (
				D811F8E213EC907200E3922B /* InfoPlist.strings */,
			);
			name = en.lproj;
			path = sample/en.lproj;
			sourceTree = SOURCE_ROOT;
		};
		D811F8EF13EC907200E3922B /* Resources */ = {
			isa = PBXGroup;
			children = (
				D8F180E513F0599A009B0C96 /* quickdialog.png */,
				D8F180E613F0599A009B0C96 /* quickdialog@2x.png */,
				D811F8F013EC907200E3922B /* footer.png */,
				D811F8F113EC907200E3922B /* footer@2x.png */,
				D811F8F213EC907200E3922B /* imgOff.png */,
				D811F8F313EC907200E3922B /* imgOn.png */,
				D811F8F413EC907200E3922B /* intel.png */,
				D811F8F513EC907200E3922B /* iPhone.png */,
				D811F8F613EC907200E3922B /* keyboard.png */,
				D811F8F713EC907200E3922B /* logo.png */,
				D811F8F813EC907200E3922B /* logo@2x.png */,
			);
			name = Resources;
			path = sample/Resources;
			sourceTree = SOURCE_ROOT;
		};
		D860356713E0534000CB1785 /* quickdialog */ = {
			isa = PBXGroup;
			children = (
				D8F180E813F0599A009B0C9C /* DecimalTableViewCell.h */,
				D8F180E813F0599A009B0C9A /* DecimalTableViewCell.m */,
				D8F180E813F0599A009B0C99 /* DecimalElement.h */,
				D8F180E813F0599A009B0C97 /* DecimalElement.m */,
				D811F88413EC905B00E3922B /* BadgeElement.h */,
				D811F88513EC905B00E3922B /* BadgeElement.m */,
				D811F88613EC905B00E3922B /* BadgeTableCell.h */,
				D811F88713EC905B00E3922B /* BadgeTableCell.m */,
				D811F88813EC905B00E3922B /* BooleanElement.h */,
				D811F88913EC905B00E3922B /* BooleanElement.m */,
				D811F88A13EC905B00E3922B /* ButtonElement.h */,
				D811F88B13EC905B00E3922B /* ButtonElement.m */,
				D811F88C13EC905B00E3922B /* DateEntryTableViewCell.h */,
				D811F88D13EC905B00E3922B /* DateEntryTableViewCell.m */,
				D811F88E13EC905B00E3922B /* DateTimeElement.h */,
				D811F88F13EC905B00E3922B /* DateTimeElement.m */,
				D811F89013EC905B00E3922B /* DateTimeInlineElement.h */,
				D811F89113EC905B00E3922B /* DateTimeInlineElement.m */,
				D811F89213EC905B00E3922B /* Element.h */,
				D811F89313EC905B00E3922B /* Element.m */,
				D811F89413EC905B00E3922B /* EntryElement.h */,
				D811F89513EC905B00E3922B /* EntryElement.m */,
				D811F89613EC905B00E3922B /* EntryTableViewCell.h */,
				D811F89713EC905B00E3922B /* EntryTableViewCell.m */,
				D811F89813EC905B00E3922B /* FloatElement.h */,
				D811F89913EC905B00E3922B /* FloatElement.m */,
				D811F89A13EC905B00E3922B /* LabelElement.h */,
				D811F89B13EC905B00E3922B /* LabelElement.m */,
				D811F89C13EC905B00E3922B /* MapElement.h */,
				D811F89D13EC905B00E3922B /* MapElement.m */,
				D811F89E13EC905B00E3922B /* MapViewController.h */,
				D811F89F13EC905B00E3922B /* MapViewController.m */,
				D811F8A013EC905B00E3922B /* QuickAnnotation.h */,
				D811F8A113EC905B00E3922B /* QuickAnnotation.m */,
				D811F8A213EC905B00E3922B /* QuickDialogController.h */,
				D811F8A313EC905B00E3922B /* QuickDialogController.m */,
				D811F8A413EC905B00E3922B /* QuickDialogController+Loading.h */,
				D811F8A513EC905B00E3922B /* QuickDialogController+Loading.m */,
				D811F8A613EC905B00E3922B /* QuickDialogDataSource.h */,
				D811F8A713EC905B00E3922B /* QuickDialogDataSource.m */,
				D811F8A813EC905B00E3922B /* QuickDialogStyleProvider.h */,
				D811F8A913EC905B00E3922B /* QuickDialogTableDelegate.h */,
				D811F8AA13EC905B00E3922B /* QuickDialogTableDelegate.m */,
				D811F8AB13EC905B00E3922B /* QuickDialogTableView.h */,
				D811F8AC13EC905B00E3922B /* QuickDialogTableView.m */,
				D811F8AD13EC905B00E3922B /* quickform-Prefix.pch */,
				D811F8AE13EC905B00E3922B /* RadioElement.h */,
				D811F8AF13EC905B00E3922B /* RadioElement.m */,
				D811F8B013EC905B00E3922B /* RadioItemElement.h */,
				D811F8B113EC905B00E3922B /* RadioItemElement.m */,
				D811F8B213EC905B00E3922B /* RadioSection.h */,
				D811F8B313EC905B00E3922B /* RadioSection.m */,
				D811F8B413EC905B00E3922B /* RootElement.h */,
				D811F8B513EC905B00E3922B /* RootElement.m */,
				D811F8B613EC905B00E3922B /* Section.h */,
				D811F8B713EC905B00E3922B /* Section.m */,
				D811F8B813EC905B00E3922B /* SortingSection.h */,
				D811F8B913EC905B00E3922B /* SortingSection.m */,
				D811F8BA13EC905B00E3922B /* TextElement.h */,
				D811F8BB13EC905B00E3922B /* TextElement.m */,
				D811F8BC13EC905B00E3922B /* WebElement.h */,
				D811F8BD13EC905B00E3922B /* WebElement.m */,
				D811F8BE13EC905B00E3922B /* WebViewController.h */,
				D811F8BF13EC905B00E3922B /* WebViewController.m */,
			);
			name = quickdialog;
			path = quickform;
			sourceTree = "<group>";
		};
		D8F180E813F0599A009B0C9D /* sample */ = {
			isa = PBXGroup;
			children = (
			);
			name = sample;
			path = quickformexample;
			sourceTree = "<group>";
		};
/* End PBXGroup section */

/* Begin PBXNativeTarget section */
		D80B0E3213E052DF00FA85CA /* QuickDialog */ = {
			isa = PBXNativeTarget;
			buildConfigurationList = D80B0E4B13E052DF00FA85CA /* Build configuration list for PBXNativeTarget "QuickDialog" */;
			buildPhases = (
				D80B0E2F13E052DF00FA85CA /* Sources */,
				D80B0E3013E052DF00FA85CA /* Frameworks */,
				D80B0E3113E052DF00FA85CA /* Resources */,
			);
			buildRules = (
			);
			dependencies = (
			);
			name = QuickDialog;
			productName = quickformexample;
			productReference = D80B0E3313E052DF00FA85CA /* QuickDialog.app */;
			productType = "com.apple.product-type.application";
		};
/* End PBXNativeTarget section */

/* Begin PBXProject section */
		D80B0E2A13E052DF00FA85CA /* Project object */ = {
			isa = PBXProject;
			attributes = {
				LastUpgradeCheck = 0420;
			};
			buildConfigurationList = D80B0E2D13E052DF00FA85CA /* Build configuration list for PBXProject "QuickDialog" */;
			compatibilityVersion = "Xcode 3.2";
			developmentRegion = English;
			hasScannedForEncodings = 0;
			knownRegions = (
				en,
			);
			mainGroup = D80B0E2813E052DF00FA85CA;
			productRefGroup = D80B0E3413E052DF00FA85CA /* Products */;
			projectDirPath = "";
			projectRoot = "";
			targets = (
				D80B0E3213E052DF00FA85CA /* QuickDialog */,
			);
		};
/* End PBXProject section */

/* Begin PBXResourcesBuildPhase section */
		D80B0E3113E052DF00FA85CA /* Resources */ = {
			isa = PBXResourcesBuildPhase;
			buildActionMask = 2147483647;
			files = (
				D811F90413EC907200E3922B /* footer.png in Resources */,
				D811F90513EC907200E3922B /* footer@2x.png in Resources */,
				D811F90613EC907200E3922B /* imgOff.png in Resources */,
				D811F90713EC907200E3922B /* imgOn.png in Resources */,
				D811F90813EC907200E3922B /* intel.png in Resources */,
				D811F90913EC907200E3922B /* iPhone.png in Resources */,
				D811F90A13EC907200E3922B /* keyboard.png in Resources */,
				D811F90B13EC907200E3922B /* logo.png in Resources */,
				D811F90C13EC907200E3922B /* logo@2x.png in Resources */,
				D8F180E713F0599A009B0C96 /* quickdialog.png in Resources */,
				D8F180E813F0599A009B0C96 /* quickdialog@2x.png in Resources */,
			);
			runOnlyForDeploymentPostprocessing = 0;
		};
/* End PBXResourcesBuildPhase section */

/* Begin PBXSourcesBuildPhase section */
		D80B0E2F13E052DF00FA85CA /* Sources */ = {
			isa = PBXSourcesBuildPhase;
			buildActionMask = 2147483647;
			files = (
				D811F8C013EC905B00E3922B /* BadgeElement.m in Sources */,
				D811F8C113EC905B00E3922B /* BadgeTableCell.m in Sources */,
				D811F8C213EC905B00E3922B /* BooleanElement.m in Sources */,
				D811F8C313EC905B00E3922B /* ButtonElement.m in Sources */,
				D811F8C413EC905B00E3922B /* DateEntryTableViewCell.m in Sources */,
				D811F8C513EC905B00E3922B /* DateTimeElement.m in Sources */,
				D811F8C613EC905B00E3922B /* DateTimeInlineElement.m in Sources */,
				D811F8C713EC905B00E3922B /* Element.m in Sources */,
				D811F8C813EC905B00E3922B /* EntryElement.m in Sources */,
				D811F8C913EC905B00E3922B /* EntryTableViewCell.m in Sources */,
				D811F8CA13EC905B00E3922B /* FloatElement.m in Sources */,
				D811F8CB13EC905B00E3922B /* LabelElement.m in Sources */,
				D811F8CC13EC905B00E3922B /* MapElement.m in Sources */,
				D811F8CD13EC905B00E3922B /* MapViewController.m in Sources */,
				D811F8CE13EC905B00E3922B /* QuickAnnotation.m in Sources */,
				D811F8CF13EC905B00E3922B /* QuickDialogController.m in Sources */,
				D811F8D013EC905B00E3922B /* QuickDialogController+Loading.m in Sources */,
				D811F8D113EC905B00E3922B /* QuickDialogDataSource.m in Sources */,
				D811F8D213EC905B00E3922B /* QuickDialogTableDelegate.m in Sources */,
				D811F8D313EC905B00E3922B /* QuickDialogTableView.m in Sources */,
				D811F8D413EC905B00E3922B /* RadioElement.m in Sources */,
				D811F8D513EC905B00E3922B /* RadioItemElement.m in Sources */,
				D811F8D613EC905B00E3922B /* RadioSection.m in Sources */,
				D811F8D713EC905B00E3922B /* RootElement.m in Sources */,
				D811F8D813EC905B00E3922B /* Section.m in Sources */,
				D811F8D913EC905B00E3922B /* SortingSection.m in Sources */,
				D811F8DA13EC905B00E3922B /* TextElement.m in Sources */,
				D811F8DB13EC905B00E3922B /* WebElement.m in Sources */,
				D811F8DC13EC905B00E3922B /* WebViewController.m in Sources */,
				D811F8FB13EC907200E3922B /* AboutController.m in Sources */,
				D811F8FC13EC907200E3922B /* DummyDataBuilder.m in Sources */,
				D811F8FE13EC907200E3922B /* LoginController.m in Sources */,
				D811F8FF13EC907200E3922B /* LoginInfo.m in Sources */,
				D811F90013EC907200E3922B /* main.m in Sources */,
				D811F90213EC907200E3922B /* QuickDialogExampleAppDelegate.m in Sources */,
				D811F90313EC907200E3922B /* quickdialogexampleViewController.m in Sources */,
				D8F180E813F0599A009B0C98 /* DecimalElement.m in Sources */,
				D8F180E813F0599A009B0C9B /* DecimalTableViewCell.m in Sources */,
			);
			runOnlyForDeploymentPostprocessing = 0;
		};
/* End PBXSourcesBuildPhase section */

/* Begin PBXVariantGroup section */
		D811F8E213EC907200E3922B /* InfoPlist.strings */ = {
			isa = PBXVariantGroup;
			children = (
				D811F8E313EC907200E3922B /* en */,
			);
			name = InfoPlist.strings;
			sourceTree = "<group>";
		};
/* End PBXVariantGroup section */

/* Begin XCBuildConfiguration section */
		D80B0E4913E052DF00FA85CA /* Debug */ = {
			isa = XCBuildConfiguration;
			buildSettings = {
				ALWAYS_SEARCH_USER_PATHS = NO;
				ARCHS = "$(ARCHS_STANDARD_32_BIT)";
				CLANG_ENABLE_OBJC_ARC = YES;
				"CODE_SIGN_IDENTITY[sdk=iphoneos*]" = "iPhone Developer";
				COPY_PHASE_STRIP = NO;
				GCC_C_LANGUAGE_STANDARD = gnu99;
				GCC_DYNAMIC_NO_PIC = NO;
				GCC_OPTIMIZATION_LEVEL = 0;
				GCC_PREPROCESSOR_DEFINITIONS = (
					"DEBUG=1",
					"$(inherited)",
				);
				GCC_SYMBOLS_PRIVATE_EXTERN = NO;
				GCC_VERSION = com.apple.compilers.llvm.clang.1_0;
				GCC_WARN_ABOUT_MISSING_PROTOTYPES = YES;
				GCC_WARN_ABOUT_RETURN_TYPE = YES;
				GCC_WARN_UNUSED_VARIABLE = YES;
				IPHONEOS_DEPLOYMENT_TARGET = 5.0;
				SDKROOT = iphoneos;
				TARGETED_DEVICE_FAMILY = "1,2";
			};
			name = Debug;
		};
		D80B0E4A13E052DF00FA85CA /* Release */ = {
			isa = XCBuildConfiguration;
			buildSettings = {
				ALWAYS_SEARCH_USER_PATHS = NO;
				ARCHS = "$(ARCHS_STANDARD_32_BIT)";
				CLANG_ENABLE_OBJC_ARC = YES;
				"CODE_SIGN_IDENTITY[sdk=iphoneos*]" = "iPhone Developer";
				COPY_PHASE_STRIP = YES;
				GCC_C_LANGUAGE_STANDARD = gnu99;
				GCC_VERSION = com.apple.compilers.llvm.clang.1_0;
				GCC_WARN_ABOUT_MISSING_PROTOTYPES = YES;
				GCC_WARN_ABOUT_RETURN_TYPE = YES;
				GCC_WARN_UNUSED_VARIABLE = YES;
				IPHONEOS_DEPLOYMENT_TARGET = 5.0;
				OTHER_CFLAGS = "-DNS_BLOCK_ASSERTIONS=1";
				SDKROOT = iphoneos;
				TARGETED_DEVICE_FAMILY = "1,2";
				VALIDATE_PRODUCT = YES;
			};
			name = Release;
		};
		D80B0E4C13E052DF00FA85CA /* Debug */ = {
			isa = XCBuildConfiguration;
			buildSettings = {
				GCC_PRECOMPILE_PREFIX_HEADER = YES;
				GCC_PREFIX_HEADER = "sample/quickdialogexample-Prefix.pch";
				INFOPLIST_FILE = "sample/quickdialogexample-Info.plist";
				PRODUCT_NAME = "$(TARGET_NAME)";
				TARGETED_DEVICE_FAMILY = 1;
				WRAPPER_EXTENSION = app;
			};
			name = Debug;
		};
		D80B0E4D13E052DF00FA85CA /* Release */ = {
			isa = XCBuildConfiguration;
			buildSettings = {
				GCC_PRECOMPILE_PREFIX_HEADER = YES;
				GCC_PREFIX_HEADER = "sample/quickdialogexample-Prefix.pch";
				INFOPLIST_FILE = "sample/quickdialogexample-Info.plist";
				PRODUCT_NAME = "$(TARGET_NAME)";
				TARGETED_DEVICE_FAMILY = 1;
				WRAPPER_EXTENSION = app;
			};
			name = Release;
		};
/* End XCBuildConfiguration section */

/* Begin XCConfigurationList section */
		D80B0E2D13E052DF00FA85CA /* Build configuration list for PBXProject "QuickDialog" */ = {
			isa = XCConfigurationList;
			buildConfigurations = (
				D80B0E4913E052DF00FA85CA /* Debug */,
				D80B0E4A13E052DF00FA85CA /* Release */,
			);
			defaultConfigurationIsVisible = 0;
			defaultConfigurationName = Release;
		};
		D80B0E4B13E052DF00FA85CA /* Build configuration list for PBXNativeTarget "QuickDialog" */ = {
			isa = XCConfigurationList;
			buildConfigurations = (
				D80B0E4C13E052DF00FA85CA /* Debug */,
				D80B0E4D13E052DF00FA85CA /* Release */,
			);
			defaultConfigurationIsVisible = 0;
			defaultConfigurationName = Release;
		};
/* End XCConfigurationList section */
	};
	rootObject = D80B0E2A13E052DF00FA85CA /* Project object */;
}
