PODS:
  - QuickDialog/Core (2.0.0)
  - QuickDialog/Extras (2.0.0):
    - QuickDialog/Forms
  - QuickDialog/Forms (2.0.0):
    - QuickDialog/Core

DEPENDENCIES:
  - QuickDialog/Core (from `../`)
  - QuickDialog/Extras (from `../`)
  - QuickDialog/Forms (from `../`)

EXTERNAL SOURCES:
  QuickDialog:
    :path: ../

SPEC CHECKSUMS:
  QuickDialog: ef7e10d9f7c0570c89e70febda84048749e97ff6

COCOAPODS: 0.33.1
